
Microsoft Visual Studio Solution File, Format Version 12.00
# Visual Studio 2012
Project("{FAE04EC0-301F-11D3-BF4B-00C04F79EFBC}") = "BeerDealsApp", "BeerDealsApp\BeerDealsApp.csproj", "{81B3B221-FEF1-42C7-A28A-660EA35D712D}"
EndProject
Project("{FAE04EC0-301F-11D3-BF4B-00C04F79EFBC}") = "BeerDealsApp.iOS", "iOS\BeerDealsApp.iOS.csproj", "{A7EE1F83-A8AA-4F05-A210-237B1CD1C8D9}"
EndProject
Project("{FAE04EC0-301F-11D3-BF4B-00C04F79EFBC}") = "BeerDealsApp.Droid", "Droid\BeerDealsApp.Droid.csproj", "{498F5273-F229-4345-9BE3-01030FFB5A04}"
EndProject
Project("{FAE04EC0-301F-11D3-BF4B-00C04F79EFBC}") = "BeerDealsApp.UITests", "UITests\BeerDealsApp.UITests.csproj", "{ABF48CCF-DC72-4559-84AF-F830F8E765E9}"
EndProject
Global
	GlobalSection(SolutionConfigurationPlatforms) = preSolution
		Debug|Any CPU = Debug|Any CPU
		Release|Any CPU = Release|Any CPU
		Debug|iPhoneSimulator = Debug|iPhoneSimulator
		Release|iPhone = Release|iPhone
		Release|iPhoneSimulator = Release|iPhoneSimulator
		Debug|iPhone = Debug|iPhone
	EndGlobalSection
	GlobalSection(ProjectConfigurationPlatforms) = postSolution
		{81B3B221-FEF1-42C7-A28A-660EA35D712D}.Debug|Any CPU.ActiveCfg = Debug|Any CPU
		{81B3B221-FEF1-42C7-A28A-660EA35D712D}.Debug|Any CPU.Build.0 = Debug|Any CPU
		{81B3B221-FEF1-42C7-A28A-660EA35D712D}.Release|Any CPU.ActiveCfg = Release|Any CPU
		{81B3B221-FEF1-42C7-A28A-660EA35D712D}.Release|Any CPU.Build.0 = Release|Any CPU
		{81B3B221-FEF1-42C7-A28A-660EA35D712D}.Debug|iPhoneSimulator.ActiveCfg = Debug|Any CPU
		{81B3B221-FEF1-42C7-A28A-660EA35D712D}.Debug|iPhoneSimulator.Build.0 = Debug|Any CPU
		{81B3B221-FEF1-42C7-A28A-660EA35D712D}.Release|iPhone.ActiveCfg = Release|Any CPU
		{81B3B221-FEF1-42C7-A28A-660EA35D712D}.Release|iPhone.Build.0 = Release|Any CPU
		{81B3B221-FEF1-42C7-A28A-660EA35D712D}.Release|iPhoneSimulator.ActiveCfg = Release|Any CPU
		{81B3B221-FEF1-42C7-A28A-660EA35D712D}.Release|iPhoneSimulator.Build.0 = Release|Any CPU
		{81B3B221-FEF1-42C7-A28A-660EA35D712D}.Debug|iPhone.ActiveCfg = Debug|Any CPU
		{81B3B221-FEF1-42C7-A28A-660EA35D712D}.Debug|iPhone.Build.0 = Debug|Any CPU
		{A7EE1F83-A8AA-4F05-A210-237B1CD1C8D9}.Debug|Any CPU.ActiveCfg = Debug|iPhoneSimulator
		{A7EE1F83-A8AA-4F05-A210-237B1CD1C8D9}.Debug|Any CPU.Build.0 = Debug|iPhoneSimulator
		{A7EE1F83-A8AA-4F05-A210-237B1CD1C8D9}.Release|Any CPU.ActiveCfg = Release|iPhone
		{A7EE1F83-A8AA-4F05-A210-237B1CD1C8D9}.Release|Any CPU.Build.0 = Release|iPhone
		{A7EE1F83-A8AA-4F05-A210-237B1CD1C8D9}.Debug|iPhoneSimulator.ActiveCfg = Debug|iPhoneSimulator
		{A7EE1F83-A8AA-4F05-A210-237B1CD1C8D9}.Debug|iPhoneSimulator.Build.0 = Debug|iPhoneSimulator
		{A7EE1F83-A8AA-4F05-A210-237B1CD1C8D9}.Release|iPhone.ActiveCfg = Release|iPhone
		{A7EE1F83-A8AA-4F05-A210-237B1CD1C8D9}.Release|iPhone.Build.0 = Release|iPhone
		{A7EE1F83-A8AA-4F05-A210-237B1CD1C8D9}.Release|iPhoneSimulator.ActiveCfg = Release|iPhoneSimulator
		{A7EE1F83-A8AA-4F05-A210-237B1CD1C8D9}.Release|iPhoneSimulator.Build.0 = Release|iPhoneSimulator
		{A7EE1F83-A8AA-4F05-A210-237B1CD1C8D9}.Debug|iPhone.ActiveCfg = Debug|iPhone
		{A7EE1F83-A8AA-4F05-A210-237B1CD1C8D9}.Debug|iPhone.Build.0 = Debug|iPhone
		{498F5273-F229-4345-9BE3-01030FFB5A04}.Debug|Any CPU.ActiveCfg = Debug|Any CPU
		{498F5273-F229-4345-9BE3-01030FFB5A04}.Debug|Any CPU.Build.0 = Debug|Any CPU
		{498F5273-F229-4345-9BE3-01030FFB5A04}.Release|Any CPU.ActiveCfg = Release|Any CPU
		{498F5273-F229-4345-9BE3-01030FFB5A04}.Release|Any CPU.Build.0 = Release|Any CPU
		{498F5273-F229-4345-9BE3-01030FFB5A04}.Debug|iPhoneSimulator.ActiveCfg = Debug|Any CPU
		{498F5273-F229-4345-9BE3-01030FFB5A04}.Debug|iPhoneSimulator.Build.0 = Debug|Any CPU
		{498F5273-F229-4345-9BE3-01030FFB5A04}.Release|iPhone.ActiveCfg = Release|Any CPU
		{498F5273-F229-4345-9BE3-01030FFB5A04}.Release|iPhone.Build.0 = Release|Any CPU
		{498F5273-F229-4345-9BE3-01030FFB5A04}.Release|iPhoneSimulator.ActiveCfg = Release|Any CPU
		{498F5273-F229-4345-9BE3-01030FFB5A04}.Release|iPhoneSimulator.Build.0 = Release|Any CPU
		{498F5273-F229-4345-9BE3-01030FFB5A04}.Debug|iPhone.ActiveCfg = Debug|Any CPU
		{498F5273-F229-4345-9BE3-01030FFB5A04}.Debug|iPhone.Build.0 = Debug|Any CPU
		{ABF48CCF-DC72-4559-84AF-F830F8E765E9}.Debug|Any CPU.ActiveCfg = Debug|Any CPU
		{ABF48CCF-DC72-4559-84AF-F830F8E765E9}.Debug|Any CPU.Build.0 = Debug|Any CPU
		{ABF48CCF-DC72-4559-84AF-F830F8E765E9}.Release|Any CPU.ActiveCfg = Release|Any CPU
		{ABF48CCF-DC72-4559-84AF-F830F8E765E9}.Release|Any CPU.Build.0 = Release|Any CPU
		{ABF48CCF-DC72-4559-84AF-F830F8E765E9}.Debug|iPhoneSimulator.ActiveCfg = Debug|Any CPU
		{ABF48CCF-DC72-4559-84AF-F830F8E765E9}.Debug|iPhoneSimulator.Build.0 = Debug|Any CPU
		{ABF48CCF-DC72-4559-84AF-F830F8E765E9}.Release|iPhone.ActiveCfg = Release|Any CPU
		{ABF48CCF-DC72-4559-84AF-F830F8E765E9}.Release|iPhone.Build.0 = Release|Any CPU
		{ABF48CCF-DC72-4559-84AF-F830F8E765E9}.Release|iPhoneSimulator.ActiveCfg = Release|Any CPU
		{ABF48CCF-DC72-4559-84AF-F830F8E765E9}.Release|iPhoneSimulator.Build.0 = Release|Any CPU
		{ABF48CCF-DC72-4559-84AF-F830F8E765E9}.Debug|iPhone.ActiveCfg = Debug|Any CPU
		{ABF48CCF-DC72-4559-84AF-F830F8E765E9}.Debug|iPhone.Build.0 = Debug|Any CPU
	EndGlobalSection
	GlobalSection(NestedProjects) = preSolution
	EndGlobalSection
EndGlobal
