
Microsoft Visual Studio Solution File, Format Version 12.00
# Visual Studio 2012
Project("{FAE04EC0-301F-11D3-BF4B-00C04F79EFBC}") = "BeerDealsApi", "BeerDealsApi\BeerDealsApi.csproj", "{BA446D4C-282C-4AC7-8D4C-3EFAF461639F}"
EndProject
Project("{FAE04EC0-301F-11D3-BF4B-00C04F79EFBC}") = "BeerDealsApi.Tests", "BeerDealsApi.Tests\BeerDealsApi.Tests.csproj", "{71B6AE68-85F9-4D3E-9A34-2FB9BD9B6F15}"
EndProject
Global
	GlobalSection(SolutionConfigurationPlatforms) = preSolution
		Debug|Any CPU = Debug|Any CPU
		Release|Any CPU = Release|Any CPU
	EndGlobalSection
	GlobalSection(ProjectConfigurationPlatforms) = postSolution
		{BA446D4C-282C-4AC7-8D4C-3EFAF461639F}.Debug|Any CPU.ActiveCfg = Debug|Any CPU
		{BA446D4C-282C-4AC7-8D4C-3EFAF461639F}.Debug|Any CPU.Build.0 = Debug|Any CPU
		{BA446D4C-282C-4AC7-8D4C-3EFAF461639F}.Release|Any CPU.ActiveCfg = Release|Any CPU
		{BA446D4C-282C-4AC7-8D4C-3EFAF461639F}.Release|Any CPU.Build.0 = Release|Any CPU
		{71B6AE68-85F9-4D3E-9A34-2FB9BD9B6F15}.Debug|Any CPU.ActiveCfg = Debug|Any CPU
		{71B6AE68-85F9-4D3E-9A34-2FB9BD9B6F15}.Debug|Any CPU.Build.0 = Debug|Any CPU
		{71B6AE68-85F9-4D3E-9A34-2FB9BD9B6F15}.Release|Any CPU.ActiveCfg = Release|Any CPU
		{71B6AE68-85F9-4D3E-9A34-2FB9BD9B6F15}.Release|Any CPU.Build.0 = Release|Any CPU
	EndGlobalSection
EndGlobal
